
Microsoft Visual Studio Solution File, Format Version 12.00
# Visual Studio 15
VisualStudioVersion = 15.0.28010.2046
MinimumVisualStudioVersion = 10.0.40219.1
Project("{FAE04EC0-301F-11D3-BF4B-00C04F79EFBC}") = "cet", "cet\cet.csproj", "{7452CEB8-C4D7-4139-84C8-55E1BD1F2644}"
EndProject
Global
	GlobalSection(SolutionConfigurationPlatforms) = preSolution
		Debug|Any CPU = Debug|Any CPU
		Release|Any CPU = Release|Any CPU
	EndGlobalSection
	GlobalSection(ProjectConfigurationPlatforms) = postSolution
		{7452CEB8-C4D7-4139-84C8-55E1BD1F2644}.Debug|Any CPU.ActiveCfg = Debug|Any CPU
		{7452CEB8-C4D7-4139-84C8-55E1BD1F2644}.Debug|Any CPU.Build.0 = Debug|Any CPU
		{7452CEB8-C4D7-4139-84C8-55E1BD1F2644}.Release|Any CPU.ActiveCfg = Release|Any CPU
		{7452CEB8-C4D7-4139-84C8-55E1BD1F2644}.Release|Any CPU.Build.0 = Release|Any CPU
	EndGlobalSection
	GlobalSection(SolutionProperties) = preSolution
		HideSolutionNode = FALSE
	EndGlobalSection
	GlobalSection(ExtensibilityGlobals) = postSolution
		SolutionGuid = {7D59EB58-9FBE-4D22-A85F-052F79744B3F}
	EndGlobalSection
EndGlobal
